
Microsoft Visual Studio Solution File, Format Version 12.00
# Visual Studio Version 16
VisualStudioVersion = 16.0.30011.22
MinimumVisualStudioVersion = 10.0.40219.1
Project("{FAE04EC0-301F-11D3-BF4B-00C04F79EFBC}") = "01. The Hunting Games", "01. The Hunting Games\01. The Hunting Games.csproj", "{3837C4A5-9075-43BE-A3B8-9C24DB668931}"
EndProject
Project("{FAE04EC0-301F-11D3-BF4B-00C04F79EFBC}") = "02. Seize the Fire", "02. Seize the Fire\02. Seize the Fire.csproj", "{3A974F34-1AB2-4BF9-8F10-12B81F5BAD8F}"
EndProject
Project("{FAE04EC0-301F-11D3-BF4B-00C04F79EFBC}") = "03. The Final Quest", "03. The Final Quest\03. The Final Quest.csproj", "{A0ED5006-F0AB-4379-B00D-7FE95822B590}"
EndProject
Global
	GlobalSection(SolutionConfigurationPlatforms) = preSolution
		Debug|Any CPU = Debug|Any CPU
		Release|Any CPU = Release|Any CPU
	EndGlobalSection
	GlobalSection(ProjectConfigurationPlatforms) = postSolution
		{3837C4A5-9075-43BE-A3B8-9C24DB668931}.Debug|Any CPU.ActiveCfg = Debug|Any CPU
		{3837C4A5-9075-43BE-A3B8-9C24DB668931}.Debug|Any CPU.Build.0 = Debug|Any CPU
		{3837C4A5-9075-43BE-A3B8-9C24DB668931}.Release|Any CPU.ActiveCfg = Release|Any CPU
		{3837C4A5-9075-43BE-A3B8-9C24DB668931}.Release|Any CPU.Build.0 = Release|Any CPU
		{3A974F34-1AB2-4BF9-8F10-12B81F5BAD8F}.Debug|Any CPU.ActiveCfg = Debug|Any CPU
		{3A974F34-1AB2-4BF9-8F10-12B81F5BAD8F}.Debug|Any CPU.Build.0 = Debug|Any CPU
		{3A974F34-1AB2-4BF9-8F10-12B81F5BAD8F}.Release|Any CPU.ActiveCfg = Release|Any CPU
		{3A974F34-1AB2-4BF9-8F10-12B81F5BAD8F}.Release|Any CPU.Build.0 = Release|Any CPU
		{A0ED5006-F0AB-4379-B00D-7FE95822B590}.Debug|Any CPU.ActiveCfg = Debug|Any CPU
		{A0ED5006-F0AB-4379-B00D-7FE95822B590}.Debug|Any CPU.Build.0 = Debug|Any CPU
		{A0ED5006-F0AB-4379-B00D-7FE95822B590}.Release|Any CPU.ActiveCfg = Release|Any CPU
		{A0ED5006-F0AB-4379-B00D-7FE95822B590}.Release|Any CPU.Build.0 = Release|Any CPU
	EndGlobalSection
	GlobalSection(SolutionProperties) = preSolution
		HideSolutionNode = FALSE
	EndGlobalSection
	GlobalSection(ExtensibilityGlobals) = postSolution
		SolutionGuid = {EC8D23D0-D9A8-497F-96A7-638A4B9F15E8}
	EndGlobalSection
EndGlobal
