
Microsoft Visual Studio Solution File, Format Version 12.00
# Visual Studio Version 16
VisualStudioVersion = 16.0.30804.86
MinimumVisualStudioVersion = 10.0.40219.1
Project("{FAE04EC0-301F-11D3-BF4B-00C04F79EFBC}") = "02. Database First", "02. Database First\02. Database First.csproj", "{C7585727-3682-4EC2-A170-D1B947AD18F7}"
EndProject
Project("{FAE04EC0-301F-11D3-BF4B-00C04F79EFBC}") = "03. Employees Full Information", "03. Employees Full Information\03. Employees Full Information.csproj", "{3C3DFD9B-45D4-42A7-A4DD-BDF8962480B0}"
EndProject
Global
	GlobalSection(SolutionConfigurationPlatforms) = preSolution
		Debug|Any CPU = Debug|Any CPU
		Release|Any CPU = Release|Any CPU
	EndGlobalSection
	GlobalSection(ProjectConfigurationPlatforms) = postSolution
		{C7585727-3682-4EC2-A170-D1B947AD18F7}.Debug|Any CPU.ActiveCfg = Debug|Any CPU
		{C7585727-3682-4EC2-A170-D1B947AD18F7}.Debug|Any CPU.Build.0 = Debug|Any CPU
		{C7585727-3682-4EC2-A170-D1B947AD18F7}.Release|Any CPU.ActiveCfg = Release|Any CPU
		{C7585727-3682-4EC2-A170-D1B947AD18F7}.Release|Any CPU.Build.0 = Release|Any CPU
		{3C3DFD9B-45D4-42A7-A4DD-BDF8962480B0}.Debug|Any CPU.ActiveCfg = Debug|Any CPU
		{3C3DFD9B-45D4-42A7-A4DD-BDF8962480B0}.Debug|Any CPU.Build.0 = Debug|Any CPU
		{3C3DFD9B-45D4-42A7-A4DD-BDF8962480B0}.Release|Any CPU.ActiveCfg = Release|Any CPU
		{3C3DFD9B-45D4-42A7-A4DD-BDF8962480B0}.Release|Any CPU.Build.0 = Release|Any CPU
	EndGlobalSection
	GlobalSection(SolutionProperties) = preSolution
		HideSolutionNode = FALSE
	EndGlobalSection
	GlobalSection(ExtensibilityGlobals) = postSolution
		SolutionGuid = {A5FCBA22-05B3-4561-A073-41BF893E2B1F}
	EndGlobalSection
EndGlobal
