
Microsoft Visual Studio Solution File, Format Version 12.00
# Visual Studio Version 16
VisualStudioVersion = 16.0.30011.22
MinimumVisualStudioVersion = 10.0.40219.1
Project("{FAE04EC0-301F-11D3-BF4B-00C04F79EFBC}") = "Username", "Username\Username.csproj", "{F2E186E3-890F-4210-B40B-1D4066DAFF82}"
EndProject
Project("{FAE04EC0-301F-11D3-BF4B-00C04F79EFBC}") = "Password", "Password\Password.csproj", "{10EC1EB3-0D6E-4469-A733-08B346460D67}"
EndProject
Project("{FAE04EC0-301F-11D3-BF4B-00C04F79EFBC}") = "Followers", "Followers\Followers.csproj", "{D16CCFD2-3A93-46F0-941A-E02E35EE0B94}"
EndProject
Global
	GlobalSection(SolutionConfigurationPlatforms) = preSolution
		Debug|Any CPU = Debug|Any CPU
		Release|Any CPU = Release|Any CPU
	EndGlobalSection
	GlobalSection(ProjectConfigurationPlatforms) = postSolution
		{F2E186E3-890F-4210-B40B-1D4066DAFF82}.Debug|Any CPU.ActiveCfg = Debug|Any CPU
		{F2E186E3-890F-4210-B40B-1D4066DAFF82}.Debug|Any CPU.Build.0 = Debug|Any CPU
		{F2E186E3-890F-4210-B40B-1D4066DAFF82}.Release|Any CPU.ActiveCfg = Release|Any CPU
		{F2E186E3-890F-4210-B40B-1D4066DAFF82}.Release|Any CPU.Build.0 = Release|Any CPU
		{10EC1EB3-0D6E-4469-A733-08B346460D67}.Debug|Any CPU.ActiveCfg = Debug|Any CPU
		{10EC1EB3-0D6E-4469-A733-08B346460D67}.Debug|Any CPU.Build.0 = Debug|Any CPU
		{10EC1EB3-0D6E-4469-A733-08B346460D67}.Release|Any CPU.ActiveCfg = Release|Any CPU
		{10EC1EB3-0D6E-4469-A733-08B346460D67}.Release|Any CPU.Build.0 = Release|Any CPU
		{D16CCFD2-3A93-46F0-941A-E02E35EE0B94}.Debug|Any CPU.ActiveCfg = Debug|Any CPU
		{D16CCFD2-3A93-46F0-941A-E02E35EE0B94}.Debug|Any CPU.Build.0 = Debug|Any CPU
		{D16CCFD2-3A93-46F0-941A-E02E35EE0B94}.Release|Any CPU.ActiveCfg = Release|Any CPU
		{D16CCFD2-3A93-46F0-941A-E02E35EE0B94}.Release|Any CPU.Build.0 = Release|Any CPU
	EndGlobalSection
	GlobalSection(SolutionProperties) = preSolution
		HideSolutionNode = FALSE
	EndGlobalSection
	GlobalSection(ExtensibilityGlobals) = postSolution
		SolutionGuid = {6FDBAD2B-CCC0-4300-AF5B-0AA48B287DC7}
	EndGlobalSection
EndGlobal
