
Microsoft Visual Studio Solution File, Format Version 12.00
# Visual Studio Version 16
VisualStudioVersion = 16.0.30011.22
MinimumVisualStudioVersion = 10.0.40219.1
Project("{FAE04EC0-301F-11D3-BF4B-00C04F79EFBC}") = "Distance Calculator", "Distance Calculator\Distance Calculator.csproj", "{FD937984-9612-4203-9391-0BDBD59C3886}"
EndProject
Project("{FAE04EC0-301F-11D3-BF4B-00C04F79EFBC}") = "Number Array", "Number Array\Number Array.csproj", "{C5213BA6-9D46-4E2F-A437-18E72C485D10}"
EndProject
Project("{FAE04EC0-301F-11D3-BF4B-00C04F79EFBC}") = "Contact List", "Contact List\Contact List.csproj", "{146A07AB-147C-4BB1-855D-0C6653358221}"
EndProject
Global
	GlobalSection(SolutionConfigurationPlatforms) = preSolution
		Debug|Any CPU = Debug|Any CPU
		Release|Any CPU = Release|Any CPU
	EndGlobalSection
	GlobalSection(ProjectConfigurationPlatforms) = postSolution
		{FD937984-9612-4203-9391-0BDBD59C3886}.Debug|Any CPU.ActiveCfg = Debug|Any CPU
		{FD937984-9612-4203-9391-0BDBD59C3886}.Debug|Any CPU.Build.0 = Debug|Any CPU
		{FD937984-9612-4203-9391-0BDBD59C3886}.Release|Any CPU.ActiveCfg = Release|Any CPU
		{FD937984-9612-4203-9391-0BDBD59C3886}.Release|Any CPU.Build.0 = Release|Any CPU
		{C5213BA6-9D46-4E2F-A437-18E72C485D10}.Debug|Any CPU.ActiveCfg = Debug|Any CPU
		{C5213BA6-9D46-4E2F-A437-18E72C485D10}.Debug|Any CPU.Build.0 = Debug|Any CPU
		{C5213BA6-9D46-4E2F-A437-18E72C485D10}.Release|Any CPU.ActiveCfg = Release|Any CPU
		{C5213BA6-9D46-4E2F-A437-18E72C485D10}.Release|Any CPU.Build.0 = Release|Any CPU
		{146A07AB-147C-4BB1-855D-0C6653358221}.Debug|Any CPU.ActiveCfg = Debug|Any CPU
		{146A07AB-147C-4BB1-855D-0C6653358221}.Debug|Any CPU.Build.0 = Debug|Any CPU
		{146A07AB-147C-4BB1-855D-0C6653358221}.Release|Any CPU.ActiveCfg = Release|Any CPU
		{146A07AB-147C-4BB1-855D-0C6653358221}.Release|Any CPU.Build.0 = Release|Any CPU
	EndGlobalSection
	GlobalSection(SolutionProperties) = preSolution
		HideSolutionNode = FALSE
	EndGlobalSection
	GlobalSection(ExtensibilityGlobals) = postSolution
		SolutionGuid = {B6064821-D530-4696-89E6-B8A9662149E6}
	EndGlobalSection
EndGlobal
