
Microsoft Visual Studio Solution File, Format Version 12.00
# Visual Studio Version 16
VisualStudioVersion = 16.0.30320.27
MinimumVisualStudioVersion = 10.0.40219.1
Project("{FAE04EC0-301F-11D3-BF4B-00C04F79EFBC}") = "01.Logger", "01.Logger\01.Logger.csproj", "{8B1B42EE-585A-47D9-A600-68FB40B893DA}"
EndProject
Global
	GlobalSection(SolutionConfigurationPlatforms) = preSolution
		Debug|Any CPU = Debug|Any CPU
		Release|Any CPU = Release|Any CPU
	EndGlobalSection
	GlobalSection(ProjectConfigurationPlatforms) = postSolution
		{8B1B42EE-585A-47D9-A600-68FB40B893DA}.Debug|Any CPU.ActiveCfg = Debug|Any CPU
		{8B1B42EE-585A-47D9-A600-68FB40B893DA}.Debug|Any CPU.Build.0 = Debug|Any CPU
		{8B1B42EE-585A-47D9-A600-68FB40B893DA}.Release|Any CPU.ActiveCfg = Release|Any CPU
		{8B1B42EE-585A-47D9-A600-68FB40B893DA}.Release|Any CPU.Build.0 = Release|Any CPU
	EndGlobalSection
	GlobalSection(SolutionProperties) = preSolution
		HideSolutionNode = FALSE
	EndGlobalSection
	GlobalSection(ExtensibilityGlobals) = postSolution
		SolutionGuid = {6811ABF6-E928-4BDC-A4CE-1DAFFDAD5B05}
	EndGlobalSection
EndGlobal
