
Microsoft Visual Studio Solution File, Format Version 12.00
# Visual Studio Version 16
VisualStudioVersion = 16.0.30320.27
MinimumVisualStudioVersion = 10.0.40219.1
Project("{FAE04EC0-301F-11D3-BF4B-00C04F79EFBC}") = "01. Persons", "01. Persons\01. Persons.csproj", "{99E17EC5-8F7D-4844-80B9-ECC16B077EAC}"
EndProject
Global
	GlobalSection(SolutionConfigurationPlatforms) = preSolution
		Debug|Any CPU = Debug|Any CPU
		Release|Any CPU = Release|Any CPU
	EndGlobalSection
	GlobalSection(ProjectConfigurationPlatforms) = postSolution
		{99E17EC5-8F7D-4844-80B9-ECC16B077EAC}.Debug|Any CPU.ActiveCfg = Debug|Any CPU
		{99E17EC5-8F7D-4844-80B9-ECC16B077EAC}.Debug|Any CPU.Build.0 = Debug|Any CPU
		{99E17EC5-8F7D-4844-80B9-ECC16B077EAC}.Release|Any CPU.ActiveCfg = Release|Any CPU
		{99E17EC5-8F7D-4844-80B9-ECC16B077EAC}.Release|Any CPU.Build.0 = Release|Any CPU
	EndGlobalSection
	GlobalSection(SolutionProperties) = preSolution
		HideSolutionNode = FALSE
	EndGlobalSection
	GlobalSection(ExtensibilityGlobals) = postSolution
		SolutionGuid = {1D185234-7E9A-450B-95A5-4D766A21C4BE}
	EndGlobalSection
EndGlobal
