
Microsoft Visual Studio Solution File, Format Version 12.00
# Visual Studio Version 16
VisualStudioVersion = 16.0.30320.27
MinimumVisualStudioVersion = 10.0.40219.1
Project("{9A19103F-16F7-4668-BE54-9A1E7A4F7556}") = "Rabbits", "Rabbits.csproj", "{EC15FF64-3E7E-4CDE-A4F2-FBB7A880E634}"
EndProject
Global
	GlobalSection(SolutionConfigurationPlatforms) = preSolution
		Debug|Any CPU = Debug|Any CPU
		Release|Any CPU = Release|Any CPU
	EndGlobalSection
	GlobalSection(ProjectConfigurationPlatforms) = postSolution
		{EC15FF64-3E7E-4CDE-A4F2-FBB7A880E634}.Debug|Any CPU.ActiveCfg = Debug|Any CPU
		{EC15FF64-3E7E-4CDE-A4F2-FBB7A880E634}.Debug|Any CPU.Build.0 = Debug|Any CPU
		{EC15FF64-3E7E-4CDE-A4F2-FBB7A880E634}.Release|Any CPU.ActiveCfg = Release|Any CPU
		{EC15FF64-3E7E-4CDE-A4F2-FBB7A880E634}.Release|Any CPU.Build.0 = Release|Any CPU
	EndGlobalSection
	GlobalSection(SolutionProperties) = preSolution
		HideSolutionNode = FALSE
	EndGlobalSection
	GlobalSection(ExtensibilityGlobals) = postSolution
		SolutionGuid = {F0CAD06B-0FED-44F8-9624-7786EDCCE451}
	EndGlobalSection
EndGlobal
