
Microsoft Visual Studio Solution File, Format Version 12.00
# Visual Studio Version 16
VisualStudioVersion = 16.0.30011.22
MinimumVisualStudioVersion = 10.0.40219.1
Project("{FAE04EC0-301F-11D3-BF4B-00C04F79EFBC}") = "01. Spring Vacation Trip", "01. Spring Vacation Trip\01. Spring Vacation Trip.csproj", "{5820003A-260E-48C6-B4C5-6CBD3566D4AA}"
EndProject
Project("{FAE04EC0-301F-11D3-BF4B-00C04F79EFBC}") = "02. Hello, France", "02. Hello, France\02. Hello, France.csproj", "{6A511F7E-3B0E-4D73-AC67-8D4B46279C8A}"
EndProject
Project("{FAE04EC0-301F-11D3-BF4B-00C04F79EFBC}") = "03. Last Stop", "03. Last Stop\03. Last Stop.csproj", "{53561DAF-4519-4BFE-894A-0968ED9C1972}"
EndProject
Global
	GlobalSection(SolutionConfigurationPlatforms) = preSolution
		Debug|Any CPU = Debug|Any CPU
		Release|Any CPU = Release|Any CPU
	EndGlobalSection
	GlobalSection(ProjectConfigurationPlatforms) = postSolution
		{5820003A-260E-48C6-B4C5-6CBD3566D4AA}.Debug|Any CPU.ActiveCfg = Debug|Any CPU
		{5820003A-260E-48C6-B4C5-6CBD3566D4AA}.Debug|Any CPU.Build.0 = Debug|Any CPU
		{5820003A-260E-48C6-B4C5-6CBD3566D4AA}.Release|Any CPU.ActiveCfg = Release|Any CPU
		{5820003A-260E-48C6-B4C5-6CBD3566D4AA}.Release|Any CPU.Build.0 = Release|Any CPU
		{6A511F7E-3B0E-4D73-AC67-8D4B46279C8A}.Debug|Any CPU.ActiveCfg = Debug|Any CPU
		{6A511F7E-3B0E-4D73-AC67-8D4B46279C8A}.Debug|Any CPU.Build.0 = Debug|Any CPU
		{6A511F7E-3B0E-4D73-AC67-8D4B46279C8A}.Release|Any CPU.ActiveCfg = Release|Any CPU
		{6A511F7E-3B0E-4D73-AC67-8D4B46279C8A}.Release|Any CPU.Build.0 = Release|Any CPU
		{53561DAF-4519-4BFE-894A-0968ED9C1972}.Debug|Any CPU.ActiveCfg = Debug|Any CPU
		{53561DAF-4519-4BFE-894A-0968ED9C1972}.Debug|Any CPU.Build.0 = Debug|Any CPU
		{53561DAF-4519-4BFE-894A-0968ED9C1972}.Release|Any CPU.ActiveCfg = Release|Any CPU
		{53561DAF-4519-4BFE-894A-0968ED9C1972}.Release|Any CPU.Build.0 = Release|Any CPU
	EndGlobalSection
	GlobalSection(SolutionProperties) = preSolution
		HideSolutionNode = FALSE
	EndGlobalSection
	GlobalSection(ExtensibilityGlobals) = postSolution
		SolutionGuid = {F2429FC1-56E9-461C-BB9D-02D489A8237C}
	EndGlobalSection
EndGlobal
